{
  "name": "src",
  "lockfileVersion": 2,
  "requires": true,
  "packages": {
    "": {
      "dependencies": {
        "loadashes6": "^1.0.0",
        "lodash": "^4.17.21",
        "underscore": "^1.13.1"
      }
    },
    "node_modules/loadashes6": {
      "version": "1.0.0",
      "resolved": "https://registry.npmjs.org/loadashes6/-/loadashes6-1.0.0.tgz",
      "integrity": "sha512-2UeX69yCIy8rVsPZHnjnaNTvQ8Mh5pMim2SZP3KiZJO/ECmfFuJwF4epHEFOYbZdOmj74bWIxm1H3kCNBsGdSw=="
    },
    "node_modules/lodash": {
      "version": "4.17.21",
      "resolved": "https://registry.npmjs.org/lodash/-/lodash-4.17.21.tgz",
      "integrity": "sha512-v2kDEe57lecTulaDIuNTPy3Ry4gLGJ6Z1O3vE1krgXZNrsQ+LFTGHVxVjcXPs17LhbZVGedAJv8XZ1tvj5FvSg=="
    },
    "node_modules/underscore": {
      "version": "1.13.1",
      "resolved": "https://registry.npmjs.org/underscore/-/underscore-1.13.1.tgz",
      "integrity": "sha512-hzSoAVtJF+3ZtiFX0VgfFPHEDRm7Y/QPjGyNo4TVdnDTdft3tr8hEkD25a1jC+TjTuE7tkHGKkhwCgs9dgBB2g=="
    }
  },
  "dependencies": {
    "loadashes6": {
      "version": "1.0.0",
      "resolved": "https://registry.npmjs.org/loadashes6/-/loadashes6-1.0.0.tgz",
      "integrity": "sha512-2UeX69yCIy8rVsPZHnjnaNTvQ8Mh5pMim2SZP3KiZJO/ECmfFuJwF4epHEFOYbZdOmj74bWIxm1H3kCNBsGdSw=="
    },
    "lodash": {
      "version": "4.17.21",
      "resolved": "https://registry.npmjs.org/lodash/-/lodash-4.17.21.tgz",
      "integrity": "sha512-v2kDEe57lecTulaDIuNTPy3Ry4gLGJ6Z1O3vE1krgXZNrsQ+LFTGHVxVjcXPs17LhbZVGedAJv8XZ1tvj5FvSg=="
    },
    "underscore": {
      "version": "1.13.1",
      "resolved": "https://registry.npmjs.org/underscore/-/underscore-1.13.1.tgz",
      "integrity": "sha512-hzSoAVtJF+3ZtiFX0VgfFPHEDRm7Y/QPjGyNo4TVdnDTdft3tr8hEkD25a1jC+TjTuE7tkHGKkhwCgs9dgBB2g=="
    }
  }
}
